
Microsoft Visual Studio Solution File, Format Version 12.00
# Visual Studio Version 17
VisualStudioVersion = 17.3.32929.385
MinimumVisualStudioVersion = 10.0.40219.1
Project("{FAE04EC0-301F-11D3-BF4B-00C04F79EFBC}") = "HoareMedianAlgorithm", "HoareMedianAlgorithm\HoareMedianAlgorithm.csproj", "{15EDED61-A522-4296-82AD-234A0A62093C}"
EndProject
Global
	GlobalSection(SolutionConfigurationPlatforms) = preSolution
		Debug|Any CPU = Debug|Any CPU
		Release|Any CPU = Release|Any CPU
	EndGlobalSection
	GlobalSection(ProjectConfigurationPlatforms) = postSolution
		{15EDED61-A522-4296-82AD-234A0A62093C}.Debug|Any CPU.ActiveCfg = Debug|Any CPU
		{15EDED61-A522-4296-82AD-234A0A62093C}.Debug|Any CPU.Build.0 = Debug|Any CPU
		{15EDED61-A522-4296-82AD-234A0A62093C}.Release|Any CPU.ActiveCfg = Release|Any CPU
		{15EDED61-A522-4296-82AD-234A0A62093C}.Release|Any CPU.Build.0 = Release|Any CPU
	EndGlobalSection
	GlobalSection(SolutionProperties) = preSolution
		HideSolutionNode = FALSE
	EndGlobalSection
	GlobalSection(ExtensibilityGlobals) = postSolution
		SolutionGuid = {0C43F6C4-6063-4915-9850-A85AFBB65156}
	EndGlobalSection
EndGlobal
